
Microsoft Visual Studio Solution File, Format Version 12.00
# Visual Studio 14
VisualStudioVersion = 14.0.25420.1
MinimumVisualStudioVersion = 10.0.40219.1
Project("{2150E333-8FDC-42A3-9474-1A3956D46DE8}") = "src", "src", "{DCFD3818-E8C7-4FA2-BA4B-473985B90C53}"
EndProject
Project("{2150E333-8FDC-42A3-9474-1A3956D46DE8}") = "Solution Items", "Solution Items", "{DCC363B0-6651-4933-901D-98AEC474DFCE}"
	ProjectSection(SolutionItems) = preProject
		global.json = global.json
	EndProjectSection
EndProject
Project("{8BB2217D-0F2D-49D1-97BC-3654ED321F3B}") = "NcoreEntity", "src\NcoreEntity\NcoreEntity.xproj", "{91C7C9B7-65DD-4035-B040-3277480F76D3}"
EndProject
Global
	GlobalSection(SolutionConfigurationPlatforms) = preSolution
		Debug|Any CPU = Debug|Any CPU
		Release|Any CPU = Release|Any CPU
	EndGlobalSection
	GlobalSection(ProjectConfigurationPlatforms) = postSolution
		{91C7C9B7-65DD-4035-B040-3277480F76D3}.Debug|Any CPU.ActiveCfg = Debug|Any CPU
		{91C7C9B7-65DD-4035-B040-3277480F76D3}.Debug|Any CPU.Build.0 = Debug|Any CPU
		{91C7C9B7-65DD-4035-B040-3277480F76D3}.Release|Any CPU.ActiveCfg = Release|Any CPU
		{91C7C9B7-65DD-4035-B040-3277480F76D3}.Release|Any CPU.Build.0 = Release|Any CPU
	EndGlobalSection
	GlobalSection(SolutionProperties) = preSolution
		HideSolutionNode = FALSE
	EndGlobalSection
	GlobalSection(NestedProjects) = preSolution
		{91C7C9B7-65DD-4035-B040-3277480F76D3} = {DCFD3818-E8C7-4FA2-BA4B-473985B90C53}
	EndGlobalSection
EndGlobal
